
Microsoft Visual Studio Solution File, Format Version 12.00
# Visual Studio 15
VisualStudioVersion = 15.0.27130.2036
MinimumVisualStudioVersion = 10.0.40219.1
Project("{FAE04EC0-301F-11D3-BF4B-00C04F79EFBC}") = "TPLDataflowHelpers", "TPLDataflowHelpers\TPLDataflowHelpers.csproj", "{57F8842E-40D2-4FCE-84B9-8BDEF7720134}"
EndProject
Global
	GlobalSection(SolutionConfigurationPlatforms) = preSolution
		Debug|Any CPU = Debug|Any CPU
		Release|Any CPU = Release|Any CPU
	EndGlobalSection
	GlobalSection(ProjectConfigurationPlatforms) = postSolution
		{57F8842E-40D2-4FCE-84B9-8BDEF7720134}.Debug|Any CPU.ActiveCfg = Debug|Any CPU
		{57F8842E-40D2-4FCE-84B9-8BDEF7720134}.Debug|Any CPU.Build.0 = Debug|Any CPU
		{57F8842E-40D2-4FCE-84B9-8BDEF7720134}.Release|Any CPU.ActiveCfg = Release|Any CPU
		{57F8842E-40D2-4FCE-84B9-8BDEF7720134}.Release|Any CPU.Build.0 = Release|Any CPU
	EndGlobalSection
	GlobalSection(SolutionProperties) = preSolution
		HideSolutionNode = FALSE
	EndGlobalSection
	GlobalSection(ExtensibilityGlobals) = postSolution
		SolutionGuid = {128083CB-7871-473E-BD82-7138EA5A160A}
	EndGlobalSection
EndGlobal
